// !$*UTF8*$!
{
	archiveVersion = 1;
	classes = {
	};
	objectVersion = 46;
	objects = {

/* Begin PBXBuildFile section */
		181A482A1F5D0259005F9990 /* MapVTViewController.swift in Sources */ = {isa = PBXBuildFile; fileRef = 181A48291F5D0259005F9990 /* MapVTViewController.swift */; };
		181A482C1F5D57B9005F9990 /* PhotoVTViewController.swift in Sources */ = {isa = PBXBuildFile; fileRef = 181A482B1F5D57B9005F9990 /* PhotoVTViewController.swift */; };
		181A482E1F5D79DA005F9990 /* PhotoCollectionVT.swift in Sources */ = {isa = PBXBuildFile; fileRef = 181A482D1F5D79DA005F9990 /* PhotoCollectionVT.swift */; };
		183270521F5AB5A300C5F99A /* AppDelegate.swift in Sources */ = {isa = PBXBuildFile; fileRef = 183270511F5AB5A300C5F99A /* AppDelegate.swift */; };
		183270541F5AB5A300C5F99A /* ViewController.swift in Sources */ = {isa = PBXBuildFile; fileRef = 183270531F5AB5A300C5F99A /* ViewController.swift */; };
		183270571F5AB5A300C5F99A /* Main.storyboard in Resources */ = {isa = PBXBuildFile; fileRef = 183270551F5AB5A300C5F99A /* Main.storyboard */; };
		183270591F5AB5A300C5F99A /* Assets.xcassets in Resources */ = {isa = PBXBuildFile; fileRef = 183270581F5AB5A300C5F99A /* Assets.xcassets */; };
		1832705C1F5AB5A300C5F99A /* LaunchScreen.storyboard in Resources */ = {isa = PBXBuildFile; fileRef = 1832705A1F5AB5A300C5F99A /* LaunchScreen.storyboard */; };
		183270651F5B8EF700C5F99A /* Model.xcdatamodeld in Sources */ = {isa = PBXBuildFile; fileRef = 183270631F5B8EF600C5F99A /* Model.xcdatamodeld */; };
		183270671F5B934600C5F99A /* coreDataStack.swift in Sources */ = {isa = PBXBuildFile; fileRef = 183270661F5B934600C5F99A /* coreDataStack.swift */; };
		1832706C1F5B9ACE00C5F99A /* Photo+CoreDataClass.swift in Sources */ = {isa = PBXBuildFile; fileRef = 183270681F5B9ACE00C5F99A /* Photo+CoreDataClass.swift */; };
		1832706D1F5B9ACE00C5F99A /* Photo+CoreDataProperties.swift in Sources */ = {isa = PBXBuildFile; fileRef = 183270691F5B9ACE00C5F99A /* Photo+CoreDataProperties.swift */; };
		1832706E1F5B9ACE00C5F99A /* Pin+CoreDataClass.swift in Sources */ = {isa = PBXBuildFile; fileRef = 1832706A1F5B9ACE00C5F99A /* Pin+CoreDataClass.swift */; };
		1832706F1F5B9ACE00C5F99A /* Pin+CoreDataProperties.swift in Sources */ = {isa = PBXBuildFile; fileRef = 1832706B1F5B9ACE00C5F99A /* Pin+CoreDataProperties.swift */; };
		183270721F5BE39600C5F99A /* FlickrConstant.swift in Sources */ = {isa = PBXBuildFile; fileRef = 183270711F5BE39600C5F99A /* FlickrConstant.swift */; };
		183270741F5BE59400C5F99A /* FlickrParseClient.swift in Sources */ = {isa = PBXBuildFile; fileRef = 183270731F5BE59400C5F99A /* FlickrParseClient.swift */; };
		183270771F5BF75400C5F99A /* FlickrHelper.swift in Sources */ = {isa = PBXBuildFile; fileRef = 183270761F5BF75400C5F99A /* FlickrHelper.swift */; };
/* End PBXBuildFile section */

/* Begin PBXFileReference section */
		181A48291F5D0259005F9990 /* MapVTViewController.swift */ = {isa = PBXFileReference; fileEncoding = 4; lastKnownFileType = sourcecode.swift; path = MapVTViewController.swift; sourceTree = "<group>"; };
		181A482B1F5D57B9005F9990 /* PhotoVTViewController.swift */ = {isa = PBXFileReference; fileEncoding = 4; lastKnownFileType = sourcecode.swift; path = PhotoVTViewController.swift; sourceTree = "<group>"; };
		181A482D1F5D79DA005F9990 /* PhotoCollectionVT.swift */ = {isa = PBXFileReference; fileEncoding = 4; lastKnownFileType = sourcecode.swift; path = PhotoCollectionVT.swift; sourceTree = "<group>"; };
		1832704E1F5AB5A300C5F99A /* VirtualTourist.app */ = {isa = PBXFileReference; explicitFileType = wrapper.application; includeInIndex = 0; path = VirtualTourist.app; sourceTree = BUILT_PRODUCTS_DIR; };
		183270511F5AB5A300C5F99A /* AppDelegate.swift */ = {isa = PBXFileReference; lastKnownFileType = sourcecode.swift; path = AppDelegate.swift; sourceTree = "<group>"; };
		183270531F5AB5A300C5F99A /* ViewController.swift */ = {isa = PBXFileReference; lastKnownFileType = sourcecode.swift; path = ViewController.swift; sourceTree = "<group>"; };
		183270561F5AB5A300C5F99A /* Base */ = {isa = PBXFileReference; lastKnownFileType = file.storyboard; name = Base; path = Base.lproj/Main.storyboard; sourceTree = "<group>"; };
		183270581F5AB5A300C5F99A /* Assets.xcassets */ = {isa = PBXFileReference; lastKnownFileType = folder.assetcatalog; path = Assets.xcassets; sourceTree = "<group>"; };
		1832705B1F5AB5A300C5F99A /* Base */ = {isa = PBXFileReference; lastKnownFileType = file.storyboard; name = Base; path = Base.lproj/LaunchScreen.storyboard; sourceTree = "<group>"; };
		1832705D1F5AB5A300C5F99A /* Info.plist */ = {isa = PBXFileReference; lastKnownFileType = text.plist.xml; path = Info.plist; sourceTree = "<group>"; };
		183270641F5B8EF700C5F99A /* Model.xcdatamodel */ = {isa = PBXFileReference; lastKnownFileType = wrapper.xcdatamodel; path = Model.xcdatamodel; sourceTree = "<group>"; };
		183270661F5B934600C5F99A /* coreDataStack.swift */ = {isa = PBXFileReference; fileEncoding = 4; lastKnownFileType = sourcecode.swift; path = coreDataStack.swift; sourceTree = "<group>"; };
		183270681F5B9ACE00C5F99A /* Photo+CoreDataClass.swift */ = {isa = PBXFileReference; fileEncoding = 4; lastKnownFileType = sourcecode.swift; path = "Photo+CoreDataClass.swift"; sourceTree = "<group>"; };
		183270691F5B9ACE00C5F99A /* Photo+CoreDataProperties.swift */ = {isa = PBXFileReference; fileEncoding = 4; lastKnownFileType = sourcecode.swift; path = "Photo+CoreDataProperties.swift"; sourceTree = "<group>"; };
		1832706A1F5B9ACE00C5F99A /* Pin+CoreDataClass.swift */ = {isa = PBXFileReference; fileEncoding = 4; lastKnownFileType = sourcecode.swift; path = "Pin+CoreDataClass.swift"; sourceTree = "<group>"; };
		1832706B1F5B9ACE00C5F99A /* Pin+CoreDataProperties.swift */ = {isa = PBXFileReference; fileEncoding = 4; lastKnownFileType = sourcecode.swift; path = "Pin+CoreDataProperties.swift"; sourceTree = "<group>"; };
		183270711F5BE39600C5F99A /* FlickrConstant.swift */ = {isa = PBXFileReference; fileEncoding = 4; lastKnownFileType = sourcecode.swift; path = FlickrConstant.swift; sourceTree = "<group>"; };
		183270731F5BE59400C5F99A /* FlickrParseClient.swift */ = {isa = PBXFileReference; fileEncoding = 4; lastKnownFileType = sourcecode.swift; path = FlickrParseClient.swift; sourceTree = "<group>"; };
		183270761F5BF75400C5F99A /* FlickrHelper.swift */ = {isa = PBXFileReference; fileEncoding = 4; lastKnownFileType = sourcecode.swift; path = FlickrHelper.swift; sourceTree = "<group>"; };
/* End PBXFileReference section */

/* Begin PBXFrameworksBuildPhase section */
		1832704B1F5AB5A300C5F99A /* Frameworks */ = {
			isa = PBXFrameworksBuildPhase;
			buildActionMask = 2147483647;
			files = (
			);
			runOnlyForDeploymentPostprocessing = 0;
		};
/* End PBXFrameworksBuildPhase section */

/* Begin PBXGroup section */
		183270451F5AB5A300C5F99A = {
			isa = PBXGroup;
			children = (
				181A482D1F5D79DA005F9990 /* PhotoCollectionVT.swift */,
				181A482B1F5D57B9005F9990 /* PhotoVTViewController.swift */,
				181A48291F5D0259005F9990 /* MapVTViewController.swift */,
				183270751F5BE60300C5F99A /* Flickr */,
				183270701F5BA40200C5F99A /* Model */,
				183270501F5AB5A300C5F99A /* VirtualTourist */,
				1832704F1F5AB5A300C5F99A /* Products */,
			);
			sourceTree = "<group>";
		};
		1832704F1F5AB5A300C5F99A /* Products */ = {
			isa = PBXGroup;
			children = (
				1832704E1F5AB5A300C5F99A /* VirtualTourist.app */,
			);
			name = Products;
			sourceTree = "<group>";
		};
		183270501F5AB5A300C5F99A /* VirtualTourist */ = {
			isa = PBXGroup;
			children = (
				183270631F5B8EF600C5F99A /* Model.xcdatamodeld */,
				183270511F5AB5A300C5F99A /* AppDelegate.swift */,
				183270531F5AB5A300C5F99A /* ViewController.swift */,
				183270551F5AB5A300C5F99A /* Main.storyboard */,
				183270581F5AB5A300C5F99A /* Assets.xcassets */,
				1832705A1F5AB5A300C5F99A /* LaunchScreen.storyboard */,
				1832705D1F5AB5A300C5F99A /* Info.plist */,
			);
			path = VirtualTourist;
			sourceTree = "<group>";
		};
		183270701F5BA40200C5F99A /* Model */ = {
			isa = PBXGroup;
			children = (
				183270681F5B9ACE00C5F99A /* Photo+CoreDataClass.swift */,
				183270691F5B9ACE00C5F99A /* Photo+CoreDataProperties.swift */,
				1832706A1F5B9ACE00C5F99A /* Pin+CoreDataClass.swift */,
				1832706B1F5B9ACE00C5F99A /* Pin+CoreDataProperties.swift */,
				183270661F5B934600C5F99A /* coreDataStack.swift */,
			);
			name = Model;
			sourceTree = "<group>";
		};
		183270751F5BE60300C5F99A /* Flickr */ = {
			isa = PBXGroup;
			children = (
				183270731F5BE59400C5F99A /* FlickrParseClient.swift */,
				183270711F5BE39600C5F99A /* FlickrConstant.swift */,
				183270761F5BF75400C5F99A /* FlickrHelper.swift */,
			);
			name = Flickr;
			sourceTree = "<group>";
		};
/* End PBXGroup section */

/* Begin PBXNativeTarget section */
		1832704D1F5AB5A300C5F99A /* VirtualTourist */ = {
			isa = PBXNativeTarget;
			buildConfigurationList = 183270601F5AB5A300C5F99A /* Build configuration list for PBXNativeTarget "VirtualTourist" */;
			buildPhases = (
				1832704A1F5AB5A300C5F99A /* Sources */,
				1832704B1F5AB5A300C5F99A /* Frameworks */,
				1832704C1F5AB5A300C5F99A /* Resources */,
			);
			buildRules = (
			);
			dependencies = (
			);
			name = VirtualTourist;
			productName = VirtualTourist;
			productReference = 1832704E1F5AB5A300C5F99A /* VirtualTourist.app */;
			productType = "com.apple.product-type.application";
		};
/* End PBXNativeTarget section */

/* Begin PBXProject section */
		183270461F5AB5A300C5F99A /* Project object */ = {
			isa = PBXProject;
			attributes = {
				LastSwiftUpdateCheck = 0820;
				LastUpgradeCheck = 0820;
				ORGANIZATIONNAME = rishi;
				TargetAttributes = {
					1832704D1F5AB5A300C5F99A = {
						CreatedOnToolsVersion = 8.2.1;
						ProvisioningStyle = Automatic;
					};
				};
			};
			buildConfigurationList = 183270491F5AB5A300C5F99A /* Build configuration list for PBXProject "VirtualTourist" */;
			compatibilityVersion = "Xcode 3.2";
			developmentRegion = English;
			hasScannedForEncodings = 0;
			knownRegions = (
				en,
				Base,
			);
			mainGroup = 183270451F5AB5A300C5F99A;
			productRefGroup = 1832704F1F5AB5A300C5F99A /* Products */;
			projectDirPath = "";
			projectRoot = "";
			targets = (
				1832704D1F5AB5A300C5F99A /* VirtualTourist */,
			);
		};
/* End PBXProject section */

/* Begin PBXResourcesBuildPhase section */
		1832704C1F5AB5A300C5F99A /* Resources */ = {
			isa = PBXResourcesBuildPhase;
			buildActionMask = 2147483647;
			files = (
				1832705C1F5AB5A300C5F99A /* LaunchScreen.storyboard in Resources */,
				183270591F5AB5A300C5F99A /* Assets.xcassets in Resources */,
				183270571F5AB5A300C5F99A /* Main.storyboard in Resources */,
			);
			runOnlyForDeploymentPostprocessing = 0;
		};
/* End PBXResourcesBuildPhase section */

/* Begin PBXSourcesBuildPhase section */
		1832704A1F5AB5A300C5F99A /* Sources */ = {
			isa = PBXSourcesBuildPhase;
			buildActionMask = 2147483647;
			files = (
				1832706D1F5B9ACE00C5F99A /* Photo+CoreDataProperties.swift in Sources */,
				1832706F1F5B9ACE00C5F99A /* Pin+CoreDataProperties.swift in Sources */,
				1832706C1F5B9ACE00C5F99A /* Photo+CoreDataClass.swift in Sources */,
				1832706E1F5B9ACE00C5F99A /* Pin+CoreDataClass.swift in Sources */,
				183270541F5AB5A300C5F99A /* ViewController.swift in Sources */,
				183270521F5AB5A300C5F99A /* AppDelegate.swift in Sources */,
				181A482E1F5D79DA005F9990 /* PhotoCollectionVT.swift in Sources */,
				183270741F5BE59400C5F99A /* FlickrParseClient.swift in Sources */,
				181A482C1F5D57B9005F9990 /* PhotoVTViewController.swift in Sources */,
				183270651F5B8EF700C5F99A /* Model.xcdatamodeld in Sources */,
				183270671F5B934600C5F99A /* coreDataStack.swift in Sources */,
				183270721F5BE39600C5F99A /* FlickrConstant.swift in Sources */,
				183270771F5BF75400C5F99A /* FlickrHelper.swift in Sources */,
				181A482A1F5D0259005F9990 /* MapVTViewController.swift in Sources */,
			);
			runOnlyForDeploymentPostprocessing = 0;
		};
/* End PBXSourcesBuildPhase section */

/* Begin PBXVariantGroup section */
		183270551F5AB5A300C5F99A /* Main.storyboard */ = {
			isa = PBXVariantGroup;
			children = (
				183270561F5AB5A300C5F99A /* Base */,
			);
			name = Main.storyboard;
			sourceTree = "<group>";
		};
		1832705A1F5AB5A300C5F99A /* LaunchScreen.storyboard */ = {
			isa = PBXVariantGroup;
			children = (
				1832705B1F5AB5A300C5F99A /* Base */,
			);
			name = LaunchScreen.storyboard;
			sourceTree = "<group>";
		};
/* End PBXVariantGroup section */

/* Begin XCBuildConfiguration section */
		1832705E1F5AB5A300C5F99A /* Debug */ = {
			isa = XCBuildConfiguration;
			buildSettings = {
				ALWAYS_SEARCH_USER_PATHS = NO;
				CLANG_ANALYZER_NONNULL = YES;
				CLANG_CXX_LANGUAGE_STANDARD = "gnu++0x";
				CLANG_CXX_LIBRARY = "libc++";
				CLANG_ENABLE_MODULES = YES;
				CLANG_ENABLE_OBJC_ARC = YES;
				CLANG_WARN_BOOL_CONVERSION = YES;
				CLANG_WARN_CONSTANT_CONVERSION = YES;
				CLANG_WARN_DIRECT_OBJC_ISA_USAGE = YES_ERROR;
				CLANG_WARN_DOCUMENTATION_COMMENTS = YES;
				CLANG_WARN_EMPTY_BODY = YES;
				CLANG_WARN_ENUM_CONVERSION = YES;
				CLANG_WARN_INFINITE_RECURSION = YES;
				CLANG_WARN_INT_CONVERSION = YES;
				CLANG_WARN_OBJC_ROOT_CLASS = YES_ERROR;
				CLANG_WARN_SUSPICIOUS_MOVE = YES;
				CLANG_WARN_UNREACHABLE_CODE = YES;
				CLANG_WARN__DUPLICATE_METHOD_MATCH = YES;
				"CODE_SIGN_IDENTITY[sdk=iphoneos*]" = "iPhone Developer";
				COPY_PHASE_STRIP = NO;
				DEBUG_INFORMATION_FORMAT = dwarf;
				ENABLE_STRICT_OBJC_MSGSEND = YES;
				ENABLE_TESTABILITY = YES;
				GCC_C_LANGUAGE_STANDARD = gnu99;
				GCC_DYNAMIC_NO_PIC = NO;
				GCC_NO_COMMON_BLOCKS = YES;
				GCC_OPTIMIZATION_LEVEL = 0;
				GCC_PREPROCESSOR_DEFINITIONS = (
					"DEBUG=1",
					"$(inherited)",
				);
				GCC_WARN_64_TO_32_BIT_CONVERSION = YES;
				GCC_WARN_ABOUT_RETURN_TYPE = YES_ERROR;
				GCC_WARN_UNDECLARED_SELECTOR = YES;
				GCC_WARN_UNINITIALIZED_AUTOS = YES_AGGRESSIVE;
				GCC_WARN_UNUSED_FUNCTION = YES;
				GCC_WARN_UNUSED_VARIABLE = YES;
				IPHONEOS_DEPLOYMENT_TARGET = 10.2;
				MTL_ENABLE_DEBUG_INFO = YES;
				ONLY_ACTIVE_ARCH = YES;
				SDKROOT = iphoneos;
				SWIFT_ACTIVE_COMPILATION_CONDITIONS = DEBUG;
				SWIFT_OPTIMIZATION_LEVEL = "-Onone";
			};
			name = Debug;
		};
		1832705F1F5AB5A300C5F99A /* Release */ = {
			isa = XCBuildConfiguration;
			buildSettings = {
				ALWAYS_SEARCH_USER_PATHS = NO;
				CLANG_ANALYZER_NONNULL = YES;
				CLANG_CXX_LANGUAGE_STANDARD = "gnu++0x";
				CLANG_CXX_LIBRARY = "libc++";
				CLANG_ENABLE_MODULES = YES;
				CLANG_ENABLE_OBJC_ARC = YES;
				CLANG_WARN_BOOL_CONVERSION = YES;
				CLANG_WARN_CONSTANT_CONVERSION = YES;
				CLANG_WARN_DIRECT_OBJC_ISA_USAGE = YES_ERROR;
				CLANG_WARN_DOCUMENTATION_COMMENTS = YES;
				CLANG_WARN_EMPTY_BODY = YES;
				CLANG_WARN_ENUM_CONVERSION = YES;
				CLANG_WARN_INFINITE_RECURSION = YES;
				CLANG_WARN_INT_CONVERSION = YES;
				CLANG_WARN_OBJC_ROOT_CLASS = YES_ERROR;
				CLANG_WARN_SUSPICIOUS_MOVE = YES;
				CLANG_WARN_UNREACHABLE_CODE = YES;
				CLANG_WARN__DUPLICATE_METHOD_MATCH = YES;
				"CODE_SIGN_IDENTITY[sdk=iphoneos*]" = "iPhone Developer";
				COPY_PHASE_STRIP = NO;
				DEBUG_INFORMATION_FORMAT = "dwarf-with-dsym";
				ENABLE_NS_ASSERTIONS = NO;
				ENABLE_STRICT_OBJC_MSGSEND = YES;
				GCC_C_LANGUAGE_STANDARD = gnu99;
				GCC_NO_COMMON_BLOCKS = YES;
				GCC_WARN_64_TO_32_BIT_CONVERSION = YES;
				GCC_WARN_ABOUT_RETURN_TYPE = YES_ERROR;
				GCC_WARN_UNDECLARED_SELECTOR = YES;
				GCC_WARN_UNINITIALIZED_AUTOS = YES_AGGRESSIVE;
				GCC_WARN_UNUSED_FUNCTION = YES;
				GCC_WARN_UNUSED_VARIABLE = YES;
				IPHONEOS_DEPLOYMENT_TARGET = 10.2;
				MTL_ENABLE_DEBUG_INFO = NO;
				SDKROOT = iphoneos;
				SWIFT_OPTIMIZATION_LEVEL = "-Owholemodule";
				VALIDATE_PRODUCT = YES;
			};
			name = Release;
		};
		183270611F5AB5A300C5F99A /* Debug */ = {
			isa = XCBuildConfiguration;
			buildSettings = {
				ASSETCATALOG_COMPILER_APPICON_NAME = AppIcon;
				INFOPLIST_FILE = VirtualTourist/Info.plist;
				LD_RUNPATH_SEARCH_PATHS = "$(inherited) @executable_path/Frameworks";
				PRODUCT_BUNDLE_IDENTIFIER = rishabh.VirtualTourist;
				PRODUCT_NAME = "$(TARGET_NAME)";
				SWIFT_VERSION = 3.0;
			};
			name = Debug;
		};
		183270621F5AB5A300C5F99A /* Release */ = {
			isa = XCBuildConfiguration;
			buildSettings = {
				ASSETCATALOG_COMPILER_APPICON_NAME = AppIcon;
				INFOPLIST_FILE = VirtualTourist/Info.plist;
				LD_RUNPATH_SEARCH_PATHS = "$(inherited) @executable_path/Frameworks";
				PRODUCT_BUNDLE_IDENTIFIER = rishabh.VirtualTourist;
				PRODUCT_NAME = "$(TARGET_NAME)";
				SWIFT_VERSION = 3.0;
			};
			name = Release;
		};
/* End XCBuildConfiguration section */

/* Begin XCConfigurationList section */
		183270491F5AB5A300C5F99A /* Build configuration list for PBXProject "VirtualTourist" */ = {
			isa = XCConfigurationList;
			buildConfigurations = (
				1832705E1F5AB5A300C5F99A /* Debug */,
				1832705F1F5AB5A300C5F99A /* Release */,
			);
			defaultConfigurationIsVisible = 0;
			defaultConfigurationName = Release;
		};
		183270601F5AB5A300C5F99A /* Build configuration list for PBXNativeTarget "VirtualTourist" */ = {
			isa = XCConfigurationList;
			buildConfigurations = (
				183270611F5AB5A300C5F99A /* Debug */,
				183270621F5AB5A300C5F99A /* Release */,
			);
			defaultConfigurationIsVisible = 0;
			defaultConfigurationName = Release;
		};
/* End XCConfigurationList section */

/* Begin XCVersionGroup section */
		183270631F5B8EF600C5F99A /* Model.xcdatamodeld */ = {
			isa = XCVersionGroup;
			children = (
				183270641F5B8EF700C5F99A /* Model.xcdatamodel */,
			);
			currentVersion = 183270641F5B8EF700C5F99A /* Model.xcdatamodel */;
			name = Model.xcdatamodeld;
			path = ../Model.xcdatamodeld;
			sourceTree = "<group>";
			versionGroupType = wrapper.xcdatamodel;
		};
/* End XCVersionGroup section */
	};
	rootObject = 183270461F5AB5A300C5F99A /* Project object */;
}
